
Microsoft Visual Studio Solution File, Format Version 12.00
# Visual Studio Version 17
VisualStudioVersion = 17.7.34031.279
MinimumVisualStudioVersion = 10.0.40219.1
Project("{FAE04EC0-301F-11D3-BF4B-00C04F79EFBC}") = "KolekcjeList", "KolekcjeList.csproj", "{EE5797D8-1EC9-4497-83C2-945683F9CCFB}"
EndProject
Global
	GlobalSection(SolutionConfigurationPlatforms) = preSolution
		Debug|Any CPU = Debug|Any CPU
		Release|Any CPU = Release|Any CPU
	EndGlobalSection
	GlobalSection(ProjectConfigurationPlatforms) = postSolution
		{EE5797D8-1EC9-4497-83C2-945683F9CCFB}.Debug|Any CPU.ActiveCfg = Debug|Any CPU
		{EE5797D8-1EC9-4497-83C2-945683F9CCFB}.Debug|Any CPU.Build.0 = Debug|Any CPU
		{EE5797D8-1EC9-4497-83C2-945683F9CCFB}.Release|Any CPU.ActiveCfg = Release|Any CPU
		{EE5797D8-1EC9-4497-83C2-945683F9CCFB}.Release|Any CPU.Build.0 = Release|Any CPU
	EndGlobalSection
	GlobalSection(SolutionProperties) = preSolution
		HideSolutionNode = FALSE
	EndGlobalSection
	GlobalSection(ExtensibilityGlobals) = postSolution
		SolutionGuid = {8F5F1F37-7000-422E-B5DB-7DDCE24DC79F}
	EndGlobalSection
EndGlobal
