
Microsoft Visual Studio Solution File, Format Version 12.00
# Visual Studio Version 17
VisualStudioVersion = 17.7.34202.233
MinimumVisualStudioVersion = 10.0.40219.1
Project("{FAE04EC0-301F-11D3-BF4B-00C04F79EFBC}") = "KolekcjeQueue&Stack", "KolekcjeQueue&Stack.csproj", "{B450EB73-61A2-4C5B-B1F8-42B08C9CB73E}"
EndProject
Global
	GlobalSection(SolutionConfigurationPlatforms) = preSolution
		Debug|Any CPU = Debug|Any CPU
		Release|Any CPU = Release|Any CPU
	EndGlobalSection
	GlobalSection(ProjectConfigurationPlatforms) = postSolution
		{B450EB73-61A2-4C5B-B1F8-42B08C9CB73E}.Debug|Any CPU.ActiveCfg = Debug|Any CPU
		{B450EB73-61A2-4C5B-B1F8-42B08C9CB73E}.Debug|Any CPU.Build.0 = Debug|Any CPU
		{B450EB73-61A2-4C5B-B1F8-42B08C9CB73E}.Release|Any CPU.ActiveCfg = Release|Any CPU
		{B450EB73-61A2-4C5B-B1F8-42B08C9CB73E}.Release|Any CPU.Build.0 = Release|Any CPU
	EndGlobalSection
	GlobalSection(SolutionProperties) = preSolution
		HideSolutionNode = FALSE
	EndGlobalSection
	GlobalSection(ExtensibilityGlobals) = postSolution
		SolutionGuid = {321ADFB3-0062-417D-A712-E82E7DE56E67}
	EndGlobalSection
EndGlobal
