
Microsoft Visual Studio Solution File, Format Version 12.00
# Visual Studio Version 17
VisualStudioVersion = 17.6.33829.357
MinimumVisualStudioVersion = 10.0.40219.1
Project("{FAE04EC0-301F-11D3-BF4B-00C04F79EFBC}") = "NaukaProgramowania3", "NaukaProgramowania3\NaukaProgramowania3.csproj", "{BD1B9A28-EAA9-4C77-BF34-C8BD2C1599FB}"
EndProject
Global
	GlobalSection(SolutionConfigurationPlatforms) = preSolution
		Debug|Any CPU = Debug|Any CPU
		Release|Any CPU = Release|Any CPU
	EndGlobalSection
	GlobalSection(ProjectConfigurationPlatforms) = postSolution
		{BD1B9A28-EAA9-4C77-BF34-C8BD2C1599FB}.Debug|Any CPU.ActiveCfg = Debug|Any CPU
		{BD1B9A28-EAA9-4C77-BF34-C8BD2C1599FB}.Debug|Any CPU.Build.0 = Debug|Any CPU
		{BD1B9A28-EAA9-4C77-BF34-C8BD2C1599FB}.Release|Any CPU.ActiveCfg = Release|Any CPU
		{BD1B9A28-EAA9-4C77-BF34-C8BD2C1599FB}.Release|Any CPU.Build.0 = Release|Any CPU
	EndGlobalSection
	GlobalSection(SolutionProperties) = preSolution
		HideSolutionNode = FALSE
	EndGlobalSection
	GlobalSection(ExtensibilityGlobals) = postSolution
		SolutionGuid = {1CECA7A9-CBC5-42AF-B600-60DB689155B4}
	EndGlobalSection
EndGlobal
