
Microsoft Visual Studio Solution File, Format Version 12.00
# Visual Studio Version 17
VisualStudioVersion = 17.7.34202.233
MinimumVisualStudioVersion = 10.0.40219.1
Project("{FAE04EC0-301F-11D3-BF4B-00C04F79EFBC}") = "Interfejsy", "Interfejsy.csproj", "{C93FD703-E249-4259-B7E3-50C9B017ECF6}"
EndProject
Global
	GlobalSection(SolutionConfigurationPlatforms) = preSolution
		Debug|Any CPU = Debug|Any CPU
		Release|Any CPU = Release|Any CPU
	EndGlobalSection
	GlobalSection(ProjectConfigurationPlatforms) = postSolution
		{C93FD703-E249-4259-B7E3-50C9B017ECF6}.Debug|Any CPU.ActiveCfg = Debug|Any CPU
		{C93FD703-E249-4259-B7E3-50C9B017ECF6}.Debug|Any CPU.Build.0 = Debug|Any CPU
		{C93FD703-E249-4259-B7E3-50C9B017ECF6}.Release|Any CPU.ActiveCfg = Release|Any CPU
		{C93FD703-E249-4259-B7E3-50C9B017ECF6}.Release|Any CPU.Build.0 = Release|Any CPU
	EndGlobalSection
	GlobalSection(SolutionProperties) = preSolution
		HideSolutionNode = FALSE
	EndGlobalSection
	GlobalSection(ExtensibilityGlobals) = postSolution
		SolutionGuid = {2A403EA1-FD56-4B66-9B0A-E0E8E25145C3}
	EndGlobalSection
EndGlobal
