
Microsoft Visual Studio Solution File, Format Version 12.00
# Visual Studio Version 17
VisualStudioVersion = 17.7.34031.279
MinimumVisualStudioVersion = 10.0.40219.1
Project("{FAE04EC0-301F-11D3-BF4B-00C04F79EFBC}") = "WitcherClass", "WitcherClass\WitcherClass.csproj", "{EACCF040-6BDA-4017-ABFE-DD5DF4F28836}"
EndProject
Global
	GlobalSection(SolutionConfigurationPlatforms) = preSolution
		Debug|Any CPU = Debug|Any CPU
		Release|Any CPU = Release|Any CPU
	EndGlobalSection
	GlobalSection(ProjectConfigurationPlatforms) = postSolution
		{EACCF040-6BDA-4017-ABFE-DD5DF4F28836}.Debug|Any CPU.ActiveCfg = Debug|Any CPU
		{EACCF040-6BDA-4017-ABFE-DD5DF4F28836}.Debug|Any CPU.Build.0 = Debug|Any CPU
		{EACCF040-6BDA-4017-ABFE-DD5DF4F28836}.Release|Any CPU.ActiveCfg = Release|Any CPU
		{EACCF040-6BDA-4017-ABFE-DD5DF4F28836}.Release|Any CPU.Build.0 = Release|Any CPU
	EndGlobalSection
	GlobalSection(SolutionProperties) = preSolution
		HideSolutionNode = FALSE
	EndGlobalSection
	GlobalSection(ExtensibilityGlobals) = postSolution
		SolutionGuid = {7D46967B-7854-4D7A-B416-D4052AD00C64}
	EndGlobalSection
EndGlobal
