
Microsoft Visual Studio Solution File, Format Version 12.00
# Visual Studio Version 17
VisualStudioVersion = 17.6.33829.357
MinimumVisualStudioVersion = 10.0.40219.1
Project("{FAE04EC0-301F-11D3-BF4B-00C04F79EFBC}") = "NaukaProgramowania5", "NaukaProgramowania5\NaukaProgramowania5.csproj", "{429E44ED-C606-49D9-BC60-D0628EED6529}"
EndProject
Global
	GlobalSection(SolutionConfigurationPlatforms) = preSolution
		Debug|Any CPU = Debug|Any CPU
		Release|Any CPU = Release|Any CPU
	EndGlobalSection
	GlobalSection(ProjectConfigurationPlatforms) = postSolution
		{429E44ED-C606-49D9-BC60-D0628EED6529}.Debug|Any CPU.ActiveCfg = Debug|Any CPU
		{429E44ED-C606-49D9-BC60-D0628EED6529}.Debug|Any CPU.Build.0 = Debug|Any CPU
		{429E44ED-C606-49D9-BC60-D0628EED6529}.Release|Any CPU.ActiveCfg = Release|Any CPU
		{429E44ED-C606-49D9-BC60-D0628EED6529}.Release|Any CPU.Build.0 = Release|Any CPU
	EndGlobalSection
	GlobalSection(SolutionProperties) = preSolution
		HideSolutionNode = FALSE
	EndGlobalSection
	GlobalSection(ExtensibilityGlobals) = postSolution
		SolutionGuid = {E6674B9A-C881-49BE-9039-7A7538EEE67F}
	EndGlobalSection
EndGlobal
