
Microsoft Visual Studio Solution File, Format Version 12.00
# Visual Studio Version 17
VisualStudioVersion = 17.7.34031.279
MinimumVisualStudioVersion = 10.0.40219.1
Project("{FAE04EC0-301F-11D3-BF4B-00C04F79EFBC}") = "KolekcjeDictionary", "KolekcjeDictionary.csproj", "{D3DA982C-942B-40A2-BA2F-D6CD486A095A}"
EndProject
Global
	GlobalSection(SolutionConfigurationPlatforms) = preSolution
		Debug|Any CPU = Debug|Any CPU
		Release|Any CPU = Release|Any CPU
	EndGlobalSection
	GlobalSection(ProjectConfigurationPlatforms) = postSolution
		{D3DA982C-942B-40A2-BA2F-D6CD486A095A}.Debug|Any CPU.ActiveCfg = Debug|Any CPU
		{D3DA982C-942B-40A2-BA2F-D6CD486A095A}.Debug|Any CPU.Build.0 = Debug|Any CPU
		{D3DA982C-942B-40A2-BA2F-D6CD486A095A}.Release|Any CPU.ActiveCfg = Release|Any CPU
		{D3DA982C-942B-40A2-BA2F-D6CD486A095A}.Release|Any CPU.Build.0 = Release|Any CPU
	EndGlobalSection
	GlobalSection(SolutionProperties) = preSolution
		HideSolutionNode = FALSE
	EndGlobalSection
	GlobalSection(ExtensibilityGlobals) = postSolution
		SolutionGuid = {D5520302-4764-4BD9-9632-52669EE4360E}
	EndGlobalSection
EndGlobal
