
Microsoft Visual Studio Solution File, Format Version 12.00
# Visual Studio Version 17
VisualStudioVersion = 17.7.34009.444
MinimumVisualStudioVersion = 10.0.40219.1
Project("{FAE04EC0-301F-11D3-BF4B-00C04F79EFBC}") = "FunkcjeCz3", "FunkcjeCz3\FunkcjeCz3.csproj", "{77DE15C0-8BE0-4981-92D8-808C5E946A0A}"
EndProject
Global
	GlobalSection(SolutionConfigurationPlatforms) = preSolution
		Debug|Any CPU = Debug|Any CPU
		Release|Any CPU = Release|Any CPU
	EndGlobalSection
	GlobalSection(ProjectConfigurationPlatforms) = postSolution
		{77DE15C0-8BE0-4981-92D8-808C5E946A0A}.Debug|Any CPU.ActiveCfg = Debug|Any CPU
		{77DE15C0-8BE0-4981-92D8-808C5E946A0A}.Debug|Any CPU.Build.0 = Debug|Any CPU
		{77DE15C0-8BE0-4981-92D8-808C5E946A0A}.Release|Any CPU.ActiveCfg = Release|Any CPU
		{77DE15C0-8BE0-4981-92D8-808C5E946A0A}.Release|Any CPU.Build.0 = Release|Any CPU
	EndGlobalSection
	GlobalSection(SolutionProperties) = preSolution
		HideSolutionNode = FALSE
	EndGlobalSection
	GlobalSection(ExtensibilityGlobals) = postSolution
		SolutionGuid = {357813FB-2C1A-4D9F-BA28-37B9AAE69DA3}
	EndGlobalSection
EndGlobal
