
Microsoft Visual Studio Solution File, Format Version 12.00
# Visual Studio Version 17
VisualStudioVersion = 17.7.34221.43
MinimumVisualStudioVersion = 10.0.40219.1
Project("{FAE04EC0-301F-11D3-BF4B-00C04F79EFBC}") = "Struktury", "Struktury.csproj", "{5E0C0B80-3EC6-4449-A1F4-9E8D4886D169}"
EndProject
Global
	GlobalSection(SolutionConfigurationPlatforms) = preSolution
		Debug|Any CPU = Debug|Any CPU
		Release|Any CPU = Release|Any CPU
	EndGlobalSection
	GlobalSection(ProjectConfigurationPlatforms) = postSolution
		{5E0C0B80-3EC6-4449-A1F4-9E8D4886D169}.Debug|Any CPU.ActiveCfg = Debug|Any CPU
		{5E0C0B80-3EC6-4449-A1F4-9E8D4886D169}.Debug|Any CPU.Build.0 = Debug|Any CPU
		{5E0C0B80-3EC6-4449-A1F4-9E8D4886D169}.Release|Any CPU.ActiveCfg = Release|Any CPU
		{5E0C0B80-3EC6-4449-A1F4-9E8D4886D169}.Release|Any CPU.Build.0 = Release|Any CPU
	EndGlobalSection
	GlobalSection(SolutionProperties) = preSolution
		HideSolutionNode = FALSE
	EndGlobalSection
	GlobalSection(ExtensibilityGlobals) = postSolution
		SolutionGuid = {25220372-233D-4F8B-9ADC-AF39B2480E1B}
	EndGlobalSection
EndGlobal
