
Microsoft Visual Studio Solution File, Format Version 12.00
# Visual Studio Version 17
VisualStudioVersion = 17.6.33829.357
MinimumVisualStudioVersion = 10.0.40219.1
Project("{FAE04EC0-301F-11D3-BF4B-00C04F79EFBC}") = "NaukaProgramowania1", "NaukaProgramowania1\NaukaProgramowania1.csproj", "{D39FC5E7-76FE-4B7C-B741-B4CB2BC44C45}"
EndProject
Global
	GlobalSection(SolutionConfigurationPlatforms) = preSolution
		Debug|Any CPU = Debug|Any CPU
		Release|Any CPU = Release|Any CPU
	EndGlobalSection
	GlobalSection(ProjectConfigurationPlatforms) = postSolution
		{D39FC5E7-76FE-4B7C-B741-B4CB2BC44C45}.Debug|Any CPU.ActiveCfg = Debug|Any CPU
		{D39FC5E7-76FE-4B7C-B741-B4CB2BC44C45}.Debug|Any CPU.Build.0 = Debug|Any CPU
		{D39FC5E7-76FE-4B7C-B741-B4CB2BC44C45}.Release|Any CPU.ActiveCfg = Release|Any CPU
		{D39FC5E7-76FE-4B7C-B741-B4CB2BC44C45}.Release|Any CPU.Build.0 = Release|Any CPU
	EndGlobalSection
	GlobalSection(SolutionProperties) = preSolution
		HideSolutionNode = FALSE
	EndGlobalSection
	GlobalSection(ExtensibilityGlobals) = postSolution
		SolutionGuid = {D6C45877-B782-4C1A-8C9A-02425A2582B4}
	EndGlobalSection
EndGlobal
