
Microsoft Visual Studio Solution File, Format Version 12.00
# Visual Studio Version 17
VisualStudioVersion = 17.7.34031.279
MinimumVisualStudioVersion = 10.0.40219.1
Project("{FAE04EC0-301F-11D3-BF4B-00C04F79EFBC}") = "OperacjeNaStringachParmasIObject", "OperacjeNaStringachParmasIObject\OperacjeNaStringachParmasIObject.csproj", "{BF85102B-852D-4244-B469-0585683CC471}"
EndProject
Global
	GlobalSection(SolutionConfigurationPlatforms) = preSolution
		Debug|Any CPU = Debug|Any CPU
		Release|Any CPU = Release|Any CPU
	EndGlobalSection
	GlobalSection(ProjectConfigurationPlatforms) = postSolution
		{BF85102B-852D-4244-B469-0585683CC471}.Debug|Any CPU.ActiveCfg = Debug|Any CPU
		{BF85102B-852D-4244-B469-0585683CC471}.Debug|Any CPU.Build.0 = Debug|Any CPU
		{BF85102B-852D-4244-B469-0585683CC471}.Release|Any CPU.ActiveCfg = Release|Any CPU
		{BF85102B-852D-4244-B469-0585683CC471}.Release|Any CPU.Build.0 = Release|Any CPU
	EndGlobalSection
	GlobalSection(SolutionProperties) = preSolution
		HideSolutionNode = FALSE
	EndGlobalSection
	GlobalSection(ExtensibilityGlobals) = postSolution
		SolutionGuid = {01C3FB4A-D5DE-4F53-98F6-0FE631C27EA8}
	EndGlobalSection
EndGlobal
