
Microsoft Visual Studio Solution File, Format Version 12.00
# Visual Studio Version 17
VisualStudioVersion = 17.6.33829.357
MinimumVisualStudioVersion = 10.0.40219.1
Project("{FAE04EC0-301F-11D3-BF4B-00C04F79EFBC}") = "NaukaProgramowania6", "NaukaProgramowania6\NaukaProgramowania6.csproj", "{FCAC1DD2-50DB-44CF-8C2D-DF4D86F685D5}"
EndProject
Global
	GlobalSection(SolutionConfigurationPlatforms) = preSolution
		Debug|Any CPU = Debug|Any CPU
		Release|Any CPU = Release|Any CPU
	EndGlobalSection
	GlobalSection(ProjectConfigurationPlatforms) = postSolution
		{FCAC1DD2-50DB-44CF-8C2D-DF4D86F685D5}.Debug|Any CPU.ActiveCfg = Debug|Any CPU
		{FCAC1DD2-50DB-44CF-8C2D-DF4D86F685D5}.Debug|Any CPU.Build.0 = Debug|Any CPU
		{FCAC1DD2-50DB-44CF-8C2D-DF4D86F685D5}.Release|Any CPU.ActiveCfg = Release|Any CPU
		{FCAC1DD2-50DB-44CF-8C2D-DF4D86F685D5}.Release|Any CPU.Build.0 = Release|Any CPU
	EndGlobalSection
	GlobalSection(SolutionProperties) = preSolution
		HideSolutionNode = FALSE
	EndGlobalSection
	GlobalSection(ExtensibilityGlobals) = postSolution
		SolutionGuid = {D1747BFF-469A-4303-8D34-6E6FC30FCE25}
	EndGlobalSection
EndGlobal
