
Microsoft Visual Studio Solution File, Format Version 12.00
# Visual Studio Version 17
VisualStudioVersion = 17.7.34009.444
MinimumVisualStudioVersion = 10.0.40219.1
Project("{FAE04EC0-301F-11D3-BF4B-00C04F79EFBC}") = "PetleWhileDoWhileFor", "PetleWhileDoWhileFor\PetleWhileDoWhileFor.csproj", "{A932BC12-26E0-4FC9-9528-1E8B17088A30}"
EndProject
Global
	GlobalSection(SolutionConfigurationPlatforms) = preSolution
		Debug|Any CPU = Debug|Any CPU
		Release|Any CPU = Release|Any CPU
	EndGlobalSection
	GlobalSection(ProjectConfigurationPlatforms) = postSolution
		{A932BC12-26E0-4FC9-9528-1E8B17088A30}.Debug|Any CPU.ActiveCfg = Debug|Any CPU
		{A932BC12-26E0-4FC9-9528-1E8B17088A30}.Debug|Any CPU.Build.0 = Debug|Any CPU
		{A932BC12-26E0-4FC9-9528-1E8B17088A30}.Release|Any CPU.ActiveCfg = Release|Any CPU
		{A932BC12-26E0-4FC9-9528-1E8B17088A30}.Release|Any CPU.Build.0 = Release|Any CPU
	EndGlobalSection
	GlobalSection(SolutionProperties) = preSolution
		HideSolutionNode = FALSE
	EndGlobalSection
	GlobalSection(ExtensibilityGlobals) = postSolution
		SolutionGuid = {388E66C8-1432-4C83-86A2-57DBA6CEFBCB}
	EndGlobalSection
EndGlobal
